
Microsoft Visual Studio Solution File, Format Version 12.00
# Visual Studio Version 16
VisualStudioVersion = 16.0.31112.23
MinimumVisualStudioVersion = 10.0.40219.1
Project("{FAE04EC0-301F-11D3-BF4B-00C04F79EFBC}") = "MovieDB", "WebApplication7\MovieDB.csproj", "{37CF693D-F152-4EB5-AFE5-46FABFD38F3E}"
EndProject
Global
	GlobalSection(SolutionConfigurationPlatforms) = preSolution
		Debug|Any CPU = Debug|Any CPU
		Release|Any CPU = Release|Any CPU
	EndGlobalSection
	GlobalSection(ProjectConfigurationPlatforms) = postSolution
		{37CF693D-F152-4EB5-AFE5-46FABFD38F3E}.Debug|Any CPU.ActiveCfg = Debug|Any CPU
		{37CF693D-F152-4EB5-AFE5-46FABFD38F3E}.Debug|Any CPU.Build.0 = Debug|Any CPU
		{37CF693D-F152-4EB5-AFE5-46FABFD38F3E}.Release|Any CPU.ActiveCfg = Release|Any CPU
		{37CF693D-F152-4EB5-AFE5-46FABFD38F3E}.Release|Any CPU.Build.0 = Release|Any CPU
	EndGlobalSection
	GlobalSection(SolutionProperties) = preSolution
		HideSolutionNode = FALSE
	EndGlobalSection
	GlobalSection(ExtensibilityGlobals) = postSolution
		SolutionGuid = {9BEF660E-E8ED-4EF8-BD5C-E64C8B65321F}
	EndGlobalSection
EndGlobal
